
Microsoft Visual Studio Solution File, Format Version 9.00
# Visual Studio 2005
Project("{FAE04EC0-301F-11D3-BF4B-00C04F79EFBC}") = "RenderReport", "RenderReport\RenderReport.csproj", "{D2296DD7-8BAF-4A8D-95C5-1E10F49C50D7}"
EndProject
Project("{FAE04EC0-301F-11D3-BF4B-00C04F79EFBC}") = "SubscriptionManager", "SubscriptionManager\SubscriptionManager.csproj", "{FC391456-AD2E-46B6-9E72-05B90EE5CD95}"
EndProject
Project("{FAE04EC0-301F-11D3-BF4B-00C04F79EFBC}") = "ReportingToolsCommon", "ReportingToolsCommon\ReportingToolsCommon.csproj", "{D30157CC-7A09-4D77-8756-41749310EFE5}"
EndProject
Project("{FAE04EC0-301F-11D3-BF4B-00C04F79EFBC}") = "JobManager", "JobManager\JobManager.csproj", "{6B066706-7BDC-40E1-BBEC-72D110236A2F}"
EndProject
Project("{54435603-DBB4-11D2-8724-00A0C9A8B90C}") = "ReportingToolsSetup", "ReportingToolsSetup\ReportingToolsSetup.vdproj", "{48C77561-1499-4717-8E5C-C833C57D820D}"
EndProject
Project("{FAE04EC0-301F-11D3-BF4B-00C04F79EFBC}") = "RDLSave", "RDLSave\RDLSave.csproj", "{0EBE885D-18B8-4C89-BD24-A58A515EE8DC}"
EndProject
Project("{FAE04EC0-301F-11D3-BF4B-00C04F79EFBC}") = "ReportDataUploader", "ReportDataUploader\ReportDataUploader.csproj", "{1591DB44-0CFB-4F39-AACD-1E47B501E669}"
EndProject
Global
	GlobalSection(SolutionConfigurationPlatforms) = preSolution
		Debug|Any CPU = Debug|Any CPU
		Release|Any CPU = Release|Any CPU
	EndGlobalSection
	GlobalSection(ProjectConfigurationPlatforms) = postSolution
		{D2296DD7-8BAF-4A8D-95C5-1E10F49C50D7}.Debug|Any CPU.ActiveCfg = Debug|Any CPU
		{D2296DD7-8BAF-4A8D-95C5-1E10F49C50D7}.Debug|Any CPU.Build.0 = Debug|Any CPU
		{D2296DD7-8BAF-4A8D-95C5-1E10F49C50D7}.Release|Any CPU.ActiveCfg = Release|Any CPU
		{D2296DD7-8BAF-4A8D-95C5-1E10F49C50D7}.Release|Any CPU.Build.0 = Release|Any CPU
		{FC391456-AD2E-46B6-9E72-05B90EE5CD95}.Debug|Any CPU.ActiveCfg = Debug|Any CPU
		{FC391456-AD2E-46B6-9E72-05B90EE5CD95}.Debug|Any CPU.Build.0 = Debug|Any CPU
		{FC391456-AD2E-46B6-9E72-05B90EE5CD95}.Release|Any CPU.ActiveCfg = Release|Any CPU
		{FC391456-AD2E-46B6-9E72-05B90EE5CD95}.Release|Any CPU.Build.0 = Release|Any CPU
		{D30157CC-7A09-4D77-8756-41749310EFE5}.Debug|Any CPU.ActiveCfg = Debug|Any CPU
		{D30157CC-7A09-4D77-8756-41749310EFE5}.Debug|Any CPU.Build.0 = Debug|Any CPU
		{D30157CC-7A09-4D77-8756-41749310EFE5}.Release|Any CPU.ActiveCfg = Release|Any CPU
		{D30157CC-7A09-4D77-8756-41749310EFE5}.Release|Any CPU.Build.0 = Release|Any CPU
		{6B066706-7BDC-40E1-BBEC-72D110236A2F}.Debug|Any CPU.ActiveCfg = Debug|Any CPU
		{6B066706-7BDC-40E1-BBEC-72D110236A2F}.Debug|Any CPU.Build.0 = Debug|Any CPU
		{6B066706-7BDC-40E1-BBEC-72D110236A2F}.Release|Any CPU.ActiveCfg = Release|Any CPU
		{6B066706-7BDC-40E1-BBEC-72D110236A2F}.Release|Any CPU.Build.0 = Release|Any CPU
		{48C77561-1499-4717-8E5C-C833C57D820D}.Debug|Any CPU.ActiveCfg = Debug
		{48C77561-1499-4717-8E5C-C833C57D820D}.Release|Any CPU.ActiveCfg = Release
		{0EBE885D-18B8-4C89-BD24-A58A515EE8DC}.Debug|Any CPU.ActiveCfg = Debug|Any CPU
		{0EBE885D-18B8-4C89-BD24-A58A515EE8DC}.Debug|Any CPU.Build.0 = Debug|Any CPU
		{0EBE885D-18B8-4C89-BD24-A58A515EE8DC}.Release|Any CPU.ActiveCfg = Release|Any CPU
		{0EBE885D-18B8-4C89-BD24-A58A515EE8DC}.Release|Any CPU.Build.0 = Release|Any CPU
		{1591DB44-0CFB-4F39-AACD-1E47B501E669}.Debug|Any CPU.ActiveCfg = Debug|Any CPU
		{1591DB44-0CFB-4F39-AACD-1E47B501E669}.Debug|Any CPU.Build.0 = Debug|Any CPU
		{1591DB44-0CFB-4F39-AACD-1E47B501E669}.Release|Any CPU.ActiveCfg = Release|Any CPU
		{1591DB44-0CFB-4F39-AACD-1E47B501E669}.Release|Any CPU.Build.0 = Release|Any CPU
	EndGlobalSection
	GlobalSection(SolutionProperties) = preSolution
		HideSolutionNode = FALSE
	EndGlobalSection
EndGlobal
